# THIS IS AN AUTOGENERATED FILE. DO NOT EDIT THIS FILE DIRECTLY.
# yarn lockfile v1


"@asamuzakjp/css-color@^6.0.5":
  version "6.0.7"
  resolved "https://registry.yarnpkg.com/@asamuzakjp/css-color/-/css-color-6.0.7.tgz#8f9f67452e6636930949abe047dd553b13276939"
  integrity sha512-vC/bk1Lz7Tn/EfU9/apOTBk80/8dyGyWMowPoV1tJ52muDGsDqt2HPT2klrFUiY60MQmQv9q8yIht15JnBgDGw==
  dependencies:
    "@csstools/css-calc" "^3.3.0"
    "@csstools/css-color-parser" "^4.1.10"
    "@csstools/css-parser-algorithms" "^4.0.0"
    "@csstools/css-tokenizer" "^4.0.0"
    lru-cache "^11.5.2"

"@asamuzakjp/dom-selector@^8.3.0":
  version "8.3.2"
  resolved "https://registry.yarnpkg.com/@asamuzakjp/dom-selector/-/dom-selector-8.3.2.tgz#1e84c1ea1e12a921c1aa94da4b1f657168f09596"
  integrity sha512-93Z1N+BQNXysodoicpOIyNh2drHfz/CTf9nnT0FEx72GJcIiwgydD7tGAr78j41LsYn3hlRn+LdGPuBLn1Bl8Q==
  dependencies:
    bidi-js "^1.0.3"
    css-tree "^3.2.1"
    is-potential-custom-element-name "^1.0.1"
    lru-cache "^11.5.2"

"@bramus/specificity@^2.4.2":
  version "2.4.2"
  resolved "https://registry.yarnpkg.com/@bramus/specificity/-/specificity-2.4.2.tgz#aa8db8eb173fdee7324f82284833106adeecc648"
  integrity sha512-ctxtJ/eA+t+6q2++vj5j7FYX3nRu311q1wfYH3xjlLOsczhlhxAg2FWNUXhpGvAw3BWo1xBcvOV6/YLc2r5FJw==
  dependencies:
    css-tree "^3.0.0"

"@csstools/color-helpers@^6.1.1":
  version "6.1.1"
  resolved "https://registry.yarnpkg.com/@csstools/color-helpers/-/color-helpers-6.1.1.tgz#1890f29a4347486b54048d24c6ab8fbef039ee61"
  integrity sha512-gLNsunvwf3mCi5u5o46/Z/JcJMnhbHSaZ69rkgPzNM3J4s8hWwpPUQB6/tt0EDFyCiWzxANlx+2LJwpYj4zS1w==

"@csstools/css-calc@^3.3.0":
  version "3.3.0"
  resolved "https://registry.yarnpkg.com/@csstools/css-calc/-/css-calc-3.3.0.tgz#33cc4bdbab8edf1b6e3ab8c1eba849c41a324f1a"
  integrity sha512-c5ihYsPkdG6JCkU2zTMm4+k6r7RXuGxtWYhu5DHMIiF1FHzrfmHL5so11AoFpUv/tu61xfcmT4AmKoFfMPoqdQ==

"@csstools/css-color-parser@^4.1.10":
  version "4.2.0"
  resolved "https://registry.yarnpkg.com/@csstools/css-color-parser/-/css-color-parser-4.2.0.tgz#6161696d5c1e37c2e70f67d2f5d3702c8774b7c8"
  integrity sha512-5+5LEmFuY1AjXdYhmgjTJogtQnP1evJ1zrBZGUNZ0thkpwnnmKxcHdAMn/OtFjAb25zA+jKDVYVRl+5G7rjv1A==
  dependencies:
    "@csstools/color-helpers" "^6.1.1"
    "@csstools/css-calc" "^3.3.0"

"@csstools/css-parser-algorithms@^4.0.0":
  version "4.0.0"
  resolved "https://registry.yarnpkg.com/@csstools/css-parser-algorithms/-/css-parser-algorithms-4.0.0.tgz#e1c65dc09378b42f26a111fca7f7075fc2c26164"
  integrity sha512-+B87qS7fIG3L5h3qwJ/IFbjoVoOe/bpOdh9hAjXbvx0o8ImEmUsGXN0inFOnk2ChCFgqkkGFQ+TpM5rbhkKe4w==

"@csstools/css-syntax-patches-for-csstree@^1.1.7":
  version "1.1.8"
  resolved "https://registry.yarnpkg.com/@csstools/css-syntax-patches-for-csstree/-/css-syntax-patches-for-csstree-1.1.8.tgz#0a724ea81d560ba94df3ae3fc239f451bc449b36"
  integrity sha512-CpMLjAvwQg3BL5S0IeqsZNMH7EQrEWi0kLKOC13ZBF0ZwERiLWlibNPJr8G1kdU3Ms/r2KiNrF81pUh2HwAHdg==

"@csstools/css-tokenizer@^4.0.0":
  version "4.0.0"
  resolved "https://registry.yarnpkg.com/@csstools/css-tokenizer/-/css-tokenizer-4.0.0.tgz#798a33950d11226a0ebb6acafa60f5594424967f"
  integrity sha512-QxULHAm7cNu72w97JUNCBFODFaXpbDg+dP8b/oWFAZ2MTRppA3U00Y2L1HqaS4J6yBqxwa/Y3nMBaxVKbB/NsA==

"@exodus/bytes@^1.11.0", "@exodus/bytes@^1.15.1", "@exodus/bytes@^1.6.0":
  version "1.15.1"
  resolved "https://registry.yarnpkg.com/@exodus/bytes/-/bytes-1.15.1.tgz#b13bc464ca162c17abf0837fb3a11aeab79e45d1"
  integrity sha512-S6mL0yNB/Abt9Ei4tq8gDhcczc4S3+vQ4ra7vxnAf+YHC02srtqxKKZghx2Dq6p0e66THKwR6r8N6P95wEty7Q==

"@types/js-cookie@^3.0.6":
  version "3.0.6"
  resolved "https://registry.yarnpkg.com/@types/js-cookie/-/js-cookie-3.0.6.tgz#a04ca19e877687bd449f5ad37d33b104b71fdf95"
  integrity sha512-wkw9yd1kEXOPnvEeEV1Go1MmxtBJL0RR79aOTAApecWFVu7w0NNXNqhcWgvw2YgZDYadliXkl14pa3WXw5jlCQ==

"@types/trusted-types@^2.0.7":
  version "2.0.7"
  resolved "https://registry.yarnpkg.com/@types/trusted-types/-/trusted-types-2.0.7.tgz#baccb07a970b91707df3a3e8ba6896c57ead2d11"
  integrity sha512-ScaPdn1dQczgbl0QFTeTOmVHFULt394XJgOQNoyVhZ6r2vLnMLJfBPd53SB52T/3G36VI1/g2MZaX0cwDuXsfw==

bidi-js@^1.0.3:
  version "1.0.3"
  resolved "https://registry.yarnpkg.com/bidi-js/-/bidi-js-1.0.3.tgz#6f8bcf3c877c4d9220ddf49b9bb6930c88f877d2"
  integrity sha512-RKshQI1R3YQ+n9YJz2QQ147P66ELpa1FQEg20Dk8oW9t2KgLbpDLLp9aGZ7y8WHSshDknG0bknqGw5/tyCs5tw==
  dependencies:
    require-from-string "^2.0.2"

css-tree@^3.0.0, css-tree@^3.2.1:
  version "3.2.1"
  resolved "https://registry.yarnpkg.com/css-tree/-/css-tree-3.2.1.tgz#86cac7011561272b30e6b1e042ba6ce047aa7518"
  integrity sha512-X7sjQzceUhu1u7Y/ylrRZFU2FS6LRiFVp6rKLPg23y3x3c3DOKAwuXGDp+PAGjh6CSnCjYeAul8pcT8bAl+lSA==
  dependencies:
    mdn-data "2.27.1"
    source-map-js "^1.2.1"

data-urls@^7.0.0:
  version "7.0.0"
  resolved "https://registry.yarnpkg.com/data-urls/-/data-urls-7.0.0.tgz#6dce8b63226a1ecfdd907ce18a8ccfb1eee506d3"
  integrity sha512-23XHcCF+coGYevirZceTVD7NdJOqVn+49IHyxgszm+JIiHLoB2TkmPtsYkNWT1pvRSGkc35L6NHs0yHkN2SumA==
  dependencies:
    whatwg-mimetype "^5.0.0"
    whatwg-url "^16.0.0"

decimal.js@^10.6.0:
  version "10.6.0"
  resolved "https://registry.yarnpkg.com/decimal.js/-/decimal.js-10.6.0.tgz#e649a43e3ab953a72192ff5983865e509f37ed9a"
  integrity sha512-YpgQiITW3JXGntzdUmyUR1V812Hn8T1YVXhCu+wO3OpS4eU9l4YdD3qjyiKdV6mvV29zapkMeD390UVEf2lkUg==

dompurify@^3.4.12:
  version "3.4.14"
  resolved "https://registry.yarnpkg.com/dompurify/-/dompurify-3.4.14.tgz#a789edb2c7bcdb69a93713a34edb7e0a5245d8c9"
  integrity sha512-dVoH9z+MY+C9IilgGCk3YfFqjLi3fChm2OiKJMzh6axrJ5qwxqWaZamgmHrpv22CN/KdbZJuGEGgfQoL00LTdg==
  optionalDependencies:
    "@types/trusted-types" "^2.0.7"

entities@^8.0.0:
  version "8.0.0"
  resolved "https://registry.yarnpkg.com/entities/-/entities-8.0.0.tgz#c1df5fe3602429747fa233d0dd26f142f0ce4743"
  integrity sha512-zwfzJecQ/Uej6tusMqwAqU/6KL2XaB2VZ2Jg54Je6ahNBGNH6Ek6g3jjNCF0fG9EWQKGZNddNjU5F1ZQn/sBnA==

html-encoding-sniffer@^6.0.0:
  version "6.0.0"
  resolved "https://registry.yarnpkg.com/html-encoding-sniffer/-/html-encoding-sniffer-6.0.0.tgz#f8d9390b3b348b50d4f61c16dd2ef5c05980a882"
  integrity sha512-CV9TW3Y3f8/wT0BRFc1/KAVQ3TUHiXmaAb6VW9vtiMFf7SLoMd1PdAc4W3KFOFETBJUb90KatHqlsZMWV+R9Gg==
  dependencies:
    "@exodus/bytes" "^1.6.0"

is-potential-custom-element-name@^1.0.1:
  version "1.0.1"
  resolved "https://registry.yarnpkg.com/is-potential-custom-element-name/-/is-potential-custom-element-name-1.0.1.tgz#171ed6f19e3ac554394edf78caa05784a45bebb5"
  integrity sha512-bCYeRA2rVibKZd+s2625gGnGF/t7DSqDs4dP7CrLA1m7jKWz6pps0LpYLJN8Q64HtmPKJ1hrN3nzPNKFEKOUiQ==

isomorphic-dompurify@^3.22.0:
  version "3.22.0"
  resolved "https://registry.yarnpkg.com/isomorphic-dompurify/-/isomorphic-dompurify-3.22.0.tgz#53918dc6ccf43d4d141c1ce807713aeabf10279c"
  integrity sha512-cz/BkSODnQir4IV2quqbuEHhAGz4MAYGvhoemsxuwMpY/oZbRHlNjPLPyIQ0fdULiwDPUE+OHPwWb6XTEiNk1A==
  dependencies:
    dompurify "^3.4.12"
    jsdom "^30.0.0"

js-cookie@^3.0.8:
  version "3.0.8"
  resolved "https://registry.yarnpkg.com/js-cookie/-/js-cookie-3.0.8.tgz#444e6f4b27a5d844594fef61c9d6bca5f0787688"
  integrity sha512-yeJd4aNAdYZQjaon2bpD/Gb0B/omw7HQOsynXXcOiWVCacbBcPlgn8S/d1X6blFSaHao7ozqtW7NZW19xpCtIw==

jsdom@^30.0.0:
  version "30.0.1"
  resolved "https://registry.yarnpkg.com/jsdom/-/jsdom-30.0.1.tgz#1b0751cbd0abce86762c48697583b5e91433f6e4"
  integrity sha512-52v7mUVUfNQVYYqE1lcdaymWL0njO7lTLUog6ZvW2U5KsbiLk/GnZlVJ+qx0xfNJZ6Gn+KSpPNE52vurbxZwrA==
  dependencies:
    "@asamuzakjp/css-color" "^6.0.5"
    "@asamuzakjp/dom-selector" "^8.3.0"
    "@bramus/specificity" "^2.4.2"
    "@csstools/css-syntax-patches-for-csstree" "^1.1.7"
    "@exodus/bytes" "^1.15.1"
    css-tree "^3.2.1"
    data-urls "^7.0.0"
    decimal.js "^10.6.0"
    html-encoding-sniffer "^6.0.0"
    is-potential-custom-element-name "^1.0.1"
    lru-cache "^11.5.2"
    parse5 "^8.0.1"
    saxes "^6.0.0"
    symbol-tree "^3.2.4"
    tough-cookie "^6.0.2"
    undici "^8.9.0"
    w3c-xmlserializer "^5.0.0"
    webidl-conversions "^8.0.1"
    whatwg-mimetype "^5.0.0"
    whatwg-url "^17.1.0"
    xml-name-validator "^5.0.0"

lru-cache@^11.5.2:
  version "11.5.2"
  resolved "https://registry.yarnpkg.com/lru-cache/-/lru-cache-11.5.2.tgz#00e16665c90c620fba14a3c368732a976493f760"
  integrity sha512-4pfM1Ff0x50o0tQwb5ucw/RzNyD0/YJME6IVcStalZuMWxdt3sR3huStTtxz4PUmvZfRguvDejasvQ2kifR11g==

mdn-data@2.27.1:
  version "2.27.1"
  resolved "https://registry.yarnpkg.com/mdn-data/-/mdn-data-2.27.1.tgz#e37b9c50880b75366c4d40ac63d9bbcacdb61f0e"
  integrity sha512-9Yubnt3e8A0OKwxYSXyhLymGW4sCufcLG6VdiDdUGVkPhpqLxlvP5vl1983gQjJl3tqbrM731mjaZaP68AgosQ==

parse5@^8.0.1:
  version "8.0.1"
  resolved "https://registry.yarnpkg.com/parse5/-/parse5-8.0.1.tgz#f43bcd2cd683efe084075333e9ce0da7d06da31e"
  integrity sha512-z1e/HMG90obSGeidlli3hj7cbocou0/wa5HacvI3ASx34PecNjNQeaHNo5WIZpWofN9kgkqV1q5YvXe3F0FoPw==
  dependencies:
    entities "^8.0.0"

punycode@^2.3.1:
  version "2.3.1"
  resolved "https://registry.yarnpkg.com/punycode/-/punycode-2.3.1.tgz#027422e2faec0b25e1549c3e1bd8309b9133b6e5"
  integrity sha512-vYt7UD1U9Wg6138shLtLOvdAu+8DsC/ilFtEVHcH+wydcSpNE20AfSOduf6MkRFahL5FY7X1oU7nKVZFtfq8Fg==

require-from-string@^2.0.2:
  version "2.0.2"
  resolved "https://registry.yarnpkg.com/require-from-string/-/require-from-string-2.0.2.tgz#89a7fdd938261267318eafe14f9c32e598c36909"
  integrity sha512-Xf0nWe6RseziFMu+Ap9biiUbmplq6S9/p+7w7YXP/JBHhrUDDUhwa+vANyubuqfZWTveU//DYVGsDG7RKL/vEw==

saxes@^6.0.0:
  version "6.0.0"
  resolved "https://registry.yarnpkg.com/saxes/-/saxes-6.0.0.tgz#fe5b4a4768df4f14a201b1ba6a65c1f3d9988cc5"
  integrity sha512-xAg7SOnEhrm5zI3puOOKyy1OMcMlIJZYNJY7xLBwSze0UjhPLnWfj2GF2EpT0jmzaJKIWKHLsaSSajf35bcYnA==
  dependencies:
    xmlchars "^2.2.0"

source-map-js@^1.2.1:
  version "1.2.1"
  resolved "https://registry.yarnpkg.com/source-map-js/-/source-map-js-1.2.1.tgz#1ce5650fddd87abc099eda37dcff024c2667ae46"
  integrity sha512-UXWMKhLOwVKb728IUtQPXxfYU+usdybtUrK/8uGE8CQMvrhOpwvzDBwj0QhSL7MQc7vIsISBG8VQ8+IDQxpfQA==

symbol-tree@^3.2.4:
  version "3.2.4"
  resolved "https://registry.yarnpkg.com/symbol-tree/-/symbol-tree-3.2.4.tgz#430637d248ba77e078883951fb9aa0eed7c63fa2"
  integrity sha512-9QNk5KwDF+Bvz+PyObkmSYjI5ksVUYtjW7AU22r2NKcfLJcXp96hkDWU3+XndOsUb+AQ9QhfzfCT2O+CNWT5Tw==

tldts-core@^7.4.11:
  version "7.4.11"
  resolved "https://registry.yarnpkg.com/tldts-core/-/tldts-core-7.4.11.tgz#a02fba29af72cbf9e658cb3a335f857efc9475f7"
  integrity sha512-CW3WN2rIIE/Of21mulhgnGOwoDyEFNygyIBOONSdyAuSATgMMUCpLeUlB+E8sAwA5xRV9hYPl+kyZ9citHCaKg==

tldts@^7.0.5:
  version "7.4.11"
  resolved "https://registry.yarnpkg.com/tldts/-/tldts-7.4.11.tgz#51d5a3feeb473e592edf671491a24fb23789eed2"
  integrity sha512-aBiNayCfTQxuIJBm06M+xR14cYaYlDlSXZbgsnKzKNxDKUVq7KFwTjwBSsb7m9Y5xO8WfPnBc63WaYFMTGlvqw==
  dependencies:
    tldts-core "^7.4.11"

tough-cookie@^6.0.2:
  version "6.0.2"
  resolved "https://registry.yarnpkg.com/tough-cookie/-/tough-cookie-6.0.2.tgz#7b1f22fcf2daf06c4ff9d53ec1845f44c6627062"
  integrity sha512-exgYmnmL/sJpR3upZfXG5PoatXQii55xAiXGXzY+sROLZ/Y+SLcp9PgJNI9Vz37HpQ74WvDcLT8eqm+kV3FzrA==
  dependencies:
    tldts "^7.0.5"

tr46@^6.0.0:
  version "6.0.0"
  resolved "https://registry.yarnpkg.com/tr46/-/tr46-6.0.0.tgz#f5a1ae546a0adb32a277a2278d0d17fa2f9093e6"
  integrity sha512-bLVMLPtstlZ4iMQHpFHTR7GAGj2jxi8Dg0s2h2MafAE4uSWF98FC/3MomU51iQAMf8/qDUbKWf5GxuvvVcXEhw==
  dependencies:
    punycode "^2.3.1"

undici@^8.9.0:
  version "8.10.0"
  resolved "https://registry.yarnpkg.com/undici/-/undici-8.10.0.tgz#67ed7c4087f0f40fba7bef3a46f2be80572f2473"
  integrity sha512-HvltHd7avK13QIw/oLe4qoOLyoVSoafqJ2jYOrtMRBkbYT31eiBQ8O0ehRKZiEZCMEyLFQNIADpgCWC5fALvYQ==

w3c-xmlserializer@^5.0.0:
  version "5.0.0"
  resolved "https://registry.yarnpkg.com/w3c-xmlserializer/-/w3c-xmlserializer-5.0.0.tgz#f925ba26855158594d907313cedd1476c5967f6c"
  integrity sha512-o8qghlI8NZHU1lLPrpi2+Uq7abh4GGPpYANlalzWxyWteJOCsr/P+oPBA49TOLu5FTZO4d3F9MnWJfiMo4BkmA==
  dependencies:
    xml-name-validator "^5.0.0"

webidl-conversions@^8.0.1:
  version "8.0.1"
  resolved "https://registry.yarnpkg.com/webidl-conversions/-/webidl-conversions-8.0.1.tgz#0657e571fe6f06fcb15ca50ed1fdbcb495cd1686"
  integrity sha512-BMhLD/Sw+GbJC21C/UgyaZX41nPt8bUTg+jWyDeg7e7YN4xOM05YPSIXceACnXVtqyEw/LMClUQMtMZ+PGGpqQ==

whatwg-mimetype@^5.0.0:
  version "5.0.0"
  resolved "https://registry.yarnpkg.com/whatwg-mimetype/-/whatwg-mimetype-5.0.0.tgz#d8232895dbd527ceaee74efd4162008fb8a8cf48"
  integrity sha512-sXcNcHOC51uPGF0P/D4NVtrkjSU2fNsm9iog4ZvZJsL3rjoDAzXZhkm2MWt1y+PUdggKAYVoMAIYcs78wJ51Cw==

whatwg-url@^16.0.0:
  version "16.0.1"
  resolved "https://registry.yarnpkg.com/whatwg-url/-/whatwg-url-16.0.1.tgz#047f7f4bd36ef76b7198c172d1b1cebc66f764dd"
  integrity sha512-1to4zXBxmXHV3IiSSEInrreIlu02vUOvrhxJJH5vcxYTBDAx51cqZiKdyTxlecdKNSjj8EcxGBxNf6Vg+945gw==
  dependencies:
    "@exodus/bytes" "^1.11.0"
    tr46 "^6.0.0"
    webidl-conversions "^8.0.1"

whatwg-url@^17.1.0:
  version "17.1.0"
  resolved "https://registry.yarnpkg.com/whatwg-url/-/whatwg-url-17.1.0.tgz#693144cd2060d324e73b15a717d1f38ecfb3f02e"
  integrity sha512-3GeworPmc2ZfEEHP7lEbUfBX/L75wdEsi0rLNhXcXxnoN5jyq0SL5gCy06SGW2cyTIZdTvWIDQNQoza++vKeaw==
  dependencies:
    "@exodus/bytes" "^1.15.1"
    tr46 "^6.0.0"
    webidl-conversions "^8.0.1"

xml-name-validator@^5.0.0:
  version "5.0.0"
  resolved "https://registry.yarnpkg.com/xml-name-validator/-/xml-name-validator-5.0.0.tgz#82be9b957f7afdacf961e5980f1bf227c0bf7673"
  integrity sha512-EvGK8EJ3DhaHfbRlETOWAS5pO9MZITeauHKJyb8wyajUfQUenkIg2MvLDTZ4T/TgIcm3HU0TFBgWWboAZ30UHg==

xmlchars@^2.2.0:
  version "2.2.0"
  resolved "https://registry.yarnpkg.com/xmlchars/-/xmlchars-2.2.0.tgz#060fe1bcb7f9c76fe2a17db86a9bc3ab894210cb"
  integrity sha512-JZnDKK8B0RCDw84FNdDAIpZK+JuJw+s7Lz8nksI7SIuU3UXJJslUthsi+uWBUYOwPFwW7W7PRLRfUKpxjtjFCw==
